
Microsoft Visual Studio Solution File, Format Version 12.00
# Visual Studio 2012
VisualStudioVersion = 12.0.31101.0
MinimumVisualStudioVersion = 10.0.40219.1
Project("{FAE04EC0-301F-11D3-BF4B-00C04F79EFBC}") = "XamarinRegistro", "XamarinRegistro\XamarinRegistro\XamarinRegistro.csproj", "{98EB376C-E379-46B1-9346-0F36F330B3E5}"
EndProject
Project("{FAE04EC0-301F-11D3-BF4B-00C04F79EFBC}") = "XamarinRegistro.iOS", "XamarinRegistro\XamarinRegistro.iOS\XamarinRegistro.iOS.csproj", "{F60D59E2-9FAA-42CD-BA33-C15B86DDCDE1}"
EndProject
Project("{FAE04EC0-301F-11D3-BF4B-00C04F79EFBC}") = "XamarinRegistro.Droid", "XamarinRegistro\XamarinRegistro.Droid\XamarinRegistro.Droid.csproj", "{60ABBEE2-D41A-460F-87C2-5E710FD0532D}"
EndProject
Project("{FAE04EC0-301F-11D3-BF4B-00C04F79EFBC}") = "XamarinRegistro.WinPhone", "XamarinRegistro\XamarinRegistro.WinPhone\XamarinRegistro.WinPhone.csproj", "{63249000-D9CA-44EA-AA77-ECFC8854BCEF}"
EndProject
Global
	GlobalSection(SolutionConfigurationPlatforms) = preSolution
		Ad-Hoc|Any CPU = Ad-Hoc|Any CPU
		Ad-Hoc|ARM = Ad-Hoc|ARM
		Ad-Hoc|iPhone = Ad-Hoc|iPhone
		Ad-Hoc|iPhoneSimulator = Ad-Hoc|iPhoneSimulator
		Ad-Hoc|Mixed Platforms = Ad-Hoc|Mixed Platforms
		Ad-Hoc|x86 = Ad-Hoc|x86
		AppStore|Any CPU = AppStore|Any CPU
		AppStore|ARM = AppStore|ARM
		AppStore|iPhone = AppStore|iPhone
		AppStore|iPhoneSimulator = AppStore|iPhoneSimulator
		AppStore|Mixed Platforms = AppStore|Mixed Platforms
		AppStore|x86 = AppStore|x86
		Debug|Any CPU = Debug|Any CPU
		Debug|ARM = Debug|ARM
		Debug|iPhone = Debug|iPhone
		Debug|iPhoneSimulator = Debug|iPhoneSimulator
		Debug|Mixed Platforms = Debug|Mixed Platforms
		Debug|x86 = Debug|x86
		Release|Any CPU = Release|Any CPU
		Release|ARM = Release|ARM
		Release|iPhone = Release|iPhone
		Release|iPhoneSimulator = Release|iPhoneSimulator
		Release|Mixed Platforms = Release|Mixed Platforms
		Release|x86 = Release|x86
	EndGlobalSection
	GlobalSection(ProjectConfigurationPlatforms) = postSolution
		{60ABBEE2-D41A-460F-87C2-5E710FD0532D}.Ad-Hoc|Any CPU.ActiveCfg = Release|Any CPU
		{60ABBEE2-D41A-460F-87C2-5E710FD0532D}.Ad-Hoc|Any CPU.Build.0 = Release|Any CPU
		{60ABBEE2-D41A-460F-87C2-5E710FD0532D}.Ad-Hoc|Any CPU.Deploy.0 = Release|Any CPU
		{60ABBEE2-D41A-460F-87C2-5E710FD0532D}.Ad-Hoc|ARM.ActiveCfg = Release|Any CPU
		{60ABBEE2-D41A-460F-87C2-5E710FD0532D}.Ad-Hoc|iPhone.ActiveCfg = Release|Any CPU
		{60ABBEE2-D41A-460F-87C2-5E710FD0532D}.Ad-Hoc|iPhoneSimulator.ActiveCfg = Release|Any CPU
		{60ABBEE2-D41A-460F-87C2-5E710FD0532D}.Ad-Hoc|Mixed Platforms.ActiveCfg = Release|Any CPU
		{60ABBEE2-D41A-460F-87C2-5E710FD0532D}.Ad-Hoc|Mixed Platforms.Build.0 = Release|Any CPU
		{60ABBEE2-D41A-460F-87C2-5E710FD0532D}.Ad-Hoc|Mixed Platforms.Deploy.0 = Release|Any CPU
		{60ABBEE2-D41A-460F-87C2-5E710FD0532D}.Ad-Hoc|x86.ActiveCfg = Release|Any CPU
		{60ABBEE2-D41A-460F-87C2-5E710FD0532D}.AppStore|Any CPU.ActiveCfg = Release|Any CPU
		{60ABBEE2-D41A-460F-87C2-5E710FD0532D}.AppStore|Any CPU.Build.0 = Release|Any CPU
		{60ABBEE2-D41A-460F-87C2-5E710FD0532D}.AppStore|Any CPU.Deploy.0 = Release|Any CPU
		{60ABBEE2-D41A-460F-87C2-5E710FD0532D}.AppStore|ARM.ActiveCfg = Release|Any CPU
		{60ABBEE2-D41A-460F-87C2-5E710FD0532D}.AppStore|iPhone.ActiveCfg = Release|Any CPU
		{60ABBEE2-D41A-460F-87C2-5E710FD0532D}.AppStore|iPhoneSimulator.ActiveCfg = Release|Any CPU
		{60ABBEE2-D41A-460F-87C2-5E710FD0532D}.AppStore|Mixed Platforms.ActiveCfg = Release|Any CPU
		{60ABBEE2-D41A-460F-87C2-5E710FD0532D}.AppStore|Mixed Platforms.Build.0 = Release|Any CPU
		{60ABBEE2-D41A-460F-87C2-5E710FD0532D}.AppStore|Mixed Platforms.Deploy.0 = Release|Any CPU
		{60ABBEE2-D41A-460F-87C2-5E710FD0532D}.AppStore|x86.ActiveCfg = Release|Any CPU
		{60ABBEE2-D41A-460F-87C2-5E710FD0532D}.Debug|Any CPU.ActiveCfg = Debug|Any CPU
		{60ABBEE2-D41A-460F-87C2-5E710FD0532D}.Debug|Any CPU.Build.0 = Debug|Any CPU
		{60ABBEE2-D41A-460F-87C2-5E710FD0532D}.Debug|Any CPU.Deploy.0 = Debug|Any CPU
		{60ABBEE2-D41A-460F-87C2-5E710FD0532D}.Debug|ARM.ActiveCfg = Debug|Any CPU
		{60ABBEE2-D41A-460F-87C2-5E710FD0532D}.Debug|iPhone.ActiveCfg = Debug|Any CPU
		{60ABBEE2-D41A-460F-87C2-5E710FD0532D}.Debug|iPhoneSimulator.ActiveCfg = Debug|Any CPU
		{60ABBEE2-D41A-460F-87C2-5E710FD0532D}.Debug|Mixed Platforms.ActiveCfg = Debug|Any CPU
		{60ABBEE2-D41A-460F-87C2-5E710FD0532D}.Debug|Mixed Platforms.Build.0 = Debug|Any CPU
		{60ABBEE2-D41A-460F-87C2-5E710FD0532D}.Debug|Mixed Platforms.Deploy.0 = Debug|Any CPU
		{60ABBEE2-D41A-460F-87C2-5E710FD0532D}.Debug|x86.ActiveCfg = Debug|Any CPU
		{60ABBEE2-D41A-460F-87C2-5E710FD0532D}.Release|Any CPU.ActiveCfg = Release|Any CPU
		{60ABBEE2-D41A-460F-87C2-5E710FD0532D}.Release|Any CPU.Build.0 = Release|Any CPU
		{60ABBEE2-D41A-460F-87C2-5E710FD0532D}.Release|Any CPU.Deploy.0 = Release|Any CPU
		{60ABBEE2-D41A-460F-87C2-5E710FD0532D}.Release|ARM.ActiveCfg = Release|Any CPU
		{60ABBEE2-D41A-460F-87C2-5E710FD0532D}.Release|iPhone.ActiveCfg = Release|Any CPU
		{60ABBEE2-D41A-460F-87C2-5E710FD0532D}.Release|iPhoneSimulator.ActiveCfg = Release|Any CPU
		{60ABBEE2-D41A-460F-87C2-5E710FD0532D}.Release|Mixed Platforms.ActiveCfg = Release|Any CPU
		{60ABBEE2-D41A-460F-87C2-5E710FD0532D}.Release|Mixed Platforms.Build.0 = Release|Any CPU
		{60ABBEE2-D41A-460F-87C2-5E710FD0532D}.Release|Mixed Platforms.Deploy.0 = Release|Any CPU
		{60ABBEE2-D41A-460F-87C2-5E710FD0532D}.Release|x86.ActiveCfg = Release|Any CPU
		{63249000-D9CA-44EA-AA77-ECFC8854BCEF}.Ad-Hoc|Any CPU.ActiveCfg = Release|Any CPU
		{63249000-D9CA-44EA-AA77-ECFC8854BCEF}.Ad-Hoc|Any CPU.Build.0 = Release|Any CPU
		{63249000-D9CA-44EA-AA77-ECFC8854BCEF}.Ad-Hoc|Any CPU.Deploy.0 = Release|Any CPU
		{63249000-D9CA-44EA-AA77-ECFC8854BCEF}.Ad-Hoc|ARM.ActiveCfg = Release|ARM
		{63249000-D9CA-44EA-AA77-ECFC8854BCEF}.Ad-Hoc|ARM.Build.0 = Release|ARM
		{63249000-D9CA-44EA-AA77-ECFC8854BCEF}.Ad-Hoc|ARM.Deploy.0 = Release|ARM
		{63249000-D9CA-44EA-AA77-ECFC8854BCEF}.Ad-Hoc|iPhone.ActiveCfg = Release|Any CPU
		{63249000-D9CA-44EA-AA77-ECFC8854BCEF}.Ad-Hoc|iPhoneSimulator.ActiveCfg = Release|Any CPU
		{63249000-D9CA-44EA-AA77-ECFC8854BCEF}.Ad-Hoc|Mixed Platforms.ActiveCfg = Release|x86
		{63249000-D9CA-44EA-AA77-ECFC8854BCEF}.Ad-Hoc|Mixed Platforms.Build.0 = Release|x86
		{63249000-D9CA-44EA-AA77-ECFC8854BCEF}.Ad-Hoc|Mixed Platforms.Deploy.0 = Release|x86
		{63249000-D9CA-44EA-AA77-ECFC8854BCEF}.Ad-Hoc|x86.ActiveCfg = Release|x86
		{63249000-D9CA-44EA-AA77-ECFC8854BCEF}.Ad-Hoc|x86.Build.0 = Release|x86
		{63249000-D9CA-44EA-AA77-ECFC8854BCEF}.Ad-Hoc|x86.Deploy.0 = Release|x86
		{63249000-D9CA-44EA-AA77-ECFC8854BCEF}.AppStore|Any CPU.ActiveCfg = Release|Any CPU
		{63249000-D9CA-44EA-AA77-ECFC8854BCEF}.AppStore|Any CPU.Build.0 = Release|Any CPU
		{63249000-D9CA-44EA-AA77-ECFC8854BCEF}.AppStore|Any CPU.Deploy.0 = Release|Any CPU
		{63249000-D9CA-44EA-AA77-ECFC8854BCEF}.AppStore|ARM.ActiveCfg = Release|ARM
		{63249000-D9CA-44EA-AA77-ECFC8854BCEF}.AppStore|ARM.Build.0 = Release|ARM
		{63249000-D9CA-44EA-AA77-ECFC8854BCEF}.AppStore|ARM.Deploy.0 = Release|ARM
		{63249000-D9CA-44EA-AA77-ECFC8854BCEF}.AppStore|iPhone.ActiveCfg = Release|Any CPU
		{63249000-D9CA-44EA-AA77-ECFC8854BCEF}.AppStore|iPhoneSimulator.ActiveCfg = Release|Any CPU
		{63249000-D9CA-44EA-AA77-ECFC8854BCEF}.AppStore|Mixed Platforms.ActiveCfg = Release|x86
		{63249000-D9CA-44EA-AA77-ECFC8854BCEF}.AppStore|Mixed Platforms.Build.0 = Release|x86
		{63249000-D9CA-44EA-AA77-ECFC8854BCEF}.AppStore|Mixed Platforms.Deploy.0 = Release|x86
		{63249000-D9CA-44EA-AA77-ECFC8854BCEF}.AppStore|x86.ActiveCfg = Release|x86
		{63249000-D9CA-44EA-AA77-ECFC8854BCEF}.AppStore|x86.Build.0 = Release|x86
		{63249000-D9CA-44EA-AA77-ECFC8854BCEF}.AppStore|x86.Deploy.0 = Release|x86
		{63249000-D9CA-44EA-AA77-ECFC8854BCEF}.Debug|Any CPU.ActiveCfg = Debug|Any CPU
		{63249000-D9CA-44EA-AA77-ECFC8854BCEF}.Debug|Any CPU.Build.0 = Debug|Any CPU
		{63249000-D9CA-44EA-AA77-ECFC8854BCEF}.Debug|Any CPU.Deploy.0 = Debug|Any CPU
		{63249000-D9CA-44EA-AA77-ECFC8854BCEF}.Debug|ARM.ActiveCfg = Debug|ARM
		{63249000-D9CA-44EA-AA77-ECFC8854BCEF}.Debug|ARM.Build.0 = Debug|ARM
		{63249000-D9CA-44EA-AA77-ECFC8854BCEF}.Debug|ARM.Deploy.0 = Debug|ARM
		{63249000-D9CA-44EA-AA77-ECFC8854BCEF}.Debug|iPhone.ActiveCfg = Debug|Any CPU
		{63249000-D9CA-44EA-AA77-ECFC8854BCEF}.Debug|iPhoneSimulator.ActiveCfg = Debug|Any CPU
		{63249000-D9CA-44EA-AA77-ECFC8854BCEF}.Debug|Mixed Platforms.ActiveCfg = Debug|x86
		{63249000-D9CA-44EA-AA77-ECFC8854BCEF}.Debug|Mixed Platforms.Build.0 = Debug|x86
		{63249000-D9CA-44EA-AA77-ECFC8854BCEF}.Debug|Mixed Platforms.Deploy.0 = Debug|x86
		{63249000-D9CA-44EA-AA77-ECFC8854BCEF}.Debug|x86.ActiveCfg = Debug|x86
		{63249000-D9CA-44EA-AA77-ECFC8854BCEF}.Debug|x86.Build.0 = Debug|x86
		{63249000-D9CA-44EA-AA77-ECFC8854BCEF}.Debug|x86.Deploy.0 = Debug|x86
		{63249000-D9CA-44EA-AA77-ECFC8854BCEF}.Release|Any CPU.ActiveCfg = Release|Any CPU
		{63249000-D9CA-44EA-AA77-ECFC8854BCEF}.Release|Any CPU.Build.0 = Release|Any CPU
		{63249000-D9CA-44EA-AA77-ECFC8854BCEF}.Release|Any CPU.Deploy.0 = Release|Any CPU
		{63249000-D9CA-44EA-AA77-ECFC8854BCEF}.Release|ARM.ActiveCfg = Release|ARM
		{63249000-D9CA-44EA-AA77-ECFC8854BCEF}.Release|ARM.Build.0 = Release|ARM
		{63249000-D9CA-44EA-AA77-ECFC8854BCEF}.Release|ARM.Deploy.0 = Release|ARM
		{63249000-D9CA-44EA-AA77-ECFC8854BCEF}.Release|iPhone.ActiveCfg = Release|Any CPU
		{63249000-D9CA-44EA-AA77-ECFC8854BCEF}.Release|iPhoneSimulator.ActiveCfg = Release|Any CPU
		{63249000-D9CA-44EA-AA77-ECFC8854BCEF}.Release|Mixed Platforms.ActiveCfg = Release|x86
		{63249000-D9CA-44EA-AA77-ECFC8854BCEF}.Release|Mixed Platforms.Build.0 = Release|x86
		{63249000-D9CA-44EA-AA77-ECFC8854BCEF}.Release|Mixed Platforms.Deploy.0 = Release|x86
		{63249000-D9CA-44EA-AA77-ECFC8854BCEF}.Release|x86.ActiveCfg = Release|x86
		{63249000-D9CA-44EA-AA77-ECFC8854BCEF}.Release|x86.Build.0 = Release|x86
		{63249000-D9CA-44EA-AA77-ECFC8854BCEF}.Release|x86.Deploy.0 = Release|x86
		{98EB376C-E379-46B1-9346-0F36F330B3E5}.Ad-Hoc|Any CPU.ActiveCfg = Release|Any CPU
		{98EB376C-E379-46B1-9346-0F36F330B3E5}.Ad-Hoc|Any CPU.Build.0 = Release|Any CPU
		{98EB376C-E379-46B1-9346-0F36F330B3E5}.Ad-Hoc|ARM.ActiveCfg = Release|Any CPU
		{98EB376C-E379-46B1-9346-0F36F330B3E5}.Ad-Hoc|iPhone.ActiveCfg = Release|Any CPU
		{98EB376C-E379-46B1-9346-0F36F330B3E5}.Ad-Hoc|iPhoneSimulator.ActiveCfg = Release|Any CPU
		{98EB376C-E379-46B1-9346-0F36F330B3E5}.Ad-Hoc|Mixed Platforms.ActiveCfg = Release|Any CPU
		{98EB376C-E379-46B1-9346-0F36F330B3E5}.Ad-Hoc|Mixed Platforms.Build.0 = Release|Any CPU
		{98EB376C-E379-46B1-9346-0F36F330B3E5}.Ad-Hoc|x86.ActiveCfg = Release|Any CPU
		{98EB376C-E379-46B1-9346-0F36F330B3E5}.AppStore|Any CPU.ActiveCfg = Release|Any CPU
		{98EB376C-E379-46B1-9346-0F36F330B3E5}.AppStore|Any CPU.Build.0 = Release|Any CPU
		{98EB376C-E379-46B1-9346-0F36F330B3E5}.AppStore|ARM.ActiveCfg = Release|Any CPU
		{98EB376C-E379-46B1-9346-0F36F330B3E5}.AppStore|iPhone.ActiveCfg = Release|Any CPU
		{98EB376C-E379-46B1-9346-0F36F330B3E5}.AppStore|iPhoneSimulator.ActiveCfg = Release|Any CPU
		{98EB376C-E379-46B1-9346-0F36F330B3E5}.AppStore|Mixed Platforms.ActiveCfg = Release|Any CPU
		{98EB376C-E379-46B1-9346-0F36F330B3E5}.AppStore|Mixed Platforms.Build.0 = Release|Any CPU
		{98EB376C-E379-46B1-9346-0F36F330B3E5}.AppStore|x86.ActiveCfg = Release|Any CPU
		{98EB376C-E379-46B1-9346-0F36F330B3E5}.Debug|Any CPU.ActiveCfg = Debug|Any CPU
		{98EB376C-E379-46B1-9346-0F36F330B3E5}.Debug|Any CPU.Build.0 = Debug|Any CPU
		{98EB376C-E379-46B1-9346-0F36F330B3E5}.Debug|ARM.ActiveCfg = Debug|Any CPU
		{98EB376C-E379-46B1-9346-0F36F330B3E5}.Debug|iPhone.ActiveCfg = Debug|Any CPU
		{98EB376C-E379-46B1-9346-0F36F330B3E5}.Debug|iPhoneSimulator.ActiveCfg = Debug|Any CPU
		{98EB376C-E379-46B1-9346-0F36F330B3E5}.Debug|Mixed Platforms.ActiveCfg = Debug|Any CPU
		{98EB376C-E379-46B1-9346-0F36F330B3E5}.Debug|Mixed Platforms.Build.0 = Debug|Any CPU
		{98EB376C-E379-46B1-9346-0F36F330B3E5}.Debug|x86.ActiveCfg = Debug|Any CPU
		{98EB376C-E379-46B1-9346-0F36F330B3E5}.Release|Any CPU.ActiveCfg = Release|Any CPU
		{98EB376C-E379-46B1-9346-0F36F330B3E5}.Release|Any CPU.Build.0 = Release|Any CPU
		{98EB376C-E379-46B1-9346-0F36F330B3E5}.Release|ARM.ActiveCfg = Release|Any CPU
		{98EB376C-E379-46B1-9346-0F36F330B3E5}.Release|iPhone.ActiveCfg = Release|Any CPU
		{98EB376C-E379-46B1-9346-0F36F330B3E5}.Release|iPhoneSimulator.ActiveCfg = Release|Any CPU
		{98EB376C-E379-46B1-9346-0F36F330B3E5}.Release|Mixed Platforms.ActiveCfg = Release|Any CPU
		{98EB376C-E379-46B1-9346-0F36F330B3E5}.Release|Mixed Platforms.Build.0 = Release|Any CPU
		{98EB376C-E379-46B1-9346-0F36F330B3E5}.Release|x86.ActiveCfg = Release|Any CPU
		{F60D59E2-9FAA-42CD-BA33-C15B86DDCDE1}.Ad-Hoc|Any CPU.ActiveCfg = Ad-Hoc|iPhone
		{F60D59E2-9FAA-42CD-BA33-C15B86DDCDE1}.Ad-Hoc|ARM.ActiveCfg = Ad-Hoc|iPhone
		{F60D59E2-9FAA-42CD-BA33-C15B86DDCDE1}.Ad-Hoc|iPhone.ActiveCfg = Ad-Hoc|iPhone
		{F60D59E2-9FAA-42CD-BA33-C15B86DDCDE1}.Ad-Hoc|iPhone.Build.0 = Ad-Hoc|iPhone
		{F60D59E2-9FAA-42CD-BA33-C15B86DDCDE1}.Ad-Hoc|iPhoneSimulator.ActiveCfg = Ad-Hoc|iPhoneSimulator
		{F60D59E2-9FAA-42CD-BA33-C15B86DDCDE1}.Ad-Hoc|iPhoneSimulator.Build.0 = Ad-Hoc|iPhoneSimulator
		{F60D59E2-9FAA-42CD-BA33-C15B86DDCDE1}.Ad-Hoc|Mixed Platforms.ActiveCfg = Ad-Hoc|iPhone
		{F60D59E2-9FAA-42CD-BA33-C15B86DDCDE1}.Ad-Hoc|Mixed Platforms.Build.0 = Ad-Hoc|iPhone
		{F60D59E2-9FAA-42CD-BA33-C15B86DDCDE1}.Ad-Hoc|x86.ActiveCfg = Ad-Hoc|iPhone
		{F60D59E2-9FAA-42CD-BA33-C15B86DDCDE1}.AppStore|Any CPU.ActiveCfg = AppStore|iPhone
		{F60D59E2-9FAA-42CD-BA33-C15B86DDCDE1}.AppStore|ARM.ActiveCfg = AppStore|iPhone
		{F60D59E2-9FAA-42CD-BA33-C15B86DDCDE1}.AppStore|iPhone.ActiveCfg = AppStore|iPhone
		{F60D59E2-9FAA-42CD-BA33-C15B86DDCDE1}.AppStore|iPhone.Build.0 = AppStore|iPhone
		{F60D59E2-9FAA-42CD-BA33-C15B86DDCDE1}.AppStore|iPhoneSimulator.ActiveCfg = AppStore|iPhoneSimulator
		{F60D59E2-9FAA-42CD-BA33-C15B86DDCDE1}.AppStore|iPhoneSimulator.Build.0 = AppStore|iPhoneSimulator
		{F60D59E2-9FAA-42CD-BA33-C15B86DDCDE1}.AppStore|Mixed Platforms.ActiveCfg = AppStore|iPhone
		{F60D59E2-9FAA-42CD-BA33-C15B86DDCDE1}.AppStore|Mixed Platforms.Build.0 = AppStore|iPhone
		{F60D59E2-9FAA-42CD-BA33-C15B86DDCDE1}.AppStore|x86.ActiveCfg = AppStore|iPhone
		{F60D59E2-9FAA-42CD-BA33-C15B86DDCDE1}.Debug|Any CPU.ActiveCfg = Debug|iPhone
		{F60D59E2-9FAA-42CD-BA33-C15B86DDCDE1}.Debug|ARM.ActiveCfg = Debug|iPhone
		{F60D59E2-9FAA-42CD-BA33-C15B86DDCDE1}.Debug|iPhone.ActiveCfg = Debug|iPhone
		{F60D59E2-9FAA-42CD-BA33-C15B86DDCDE1}.Debug|iPhone.Build.0 = Debug|iPhone
		{F60D59E2-9FAA-42CD-BA33-C15B86DDCDE1}.Debug|iPhoneSimulator.ActiveCfg = Debug|iPhoneSimulator
		{F60D59E2-9FAA-42CD-BA33-C15B86DDCDE1}.Debug|iPhoneSimulator.Build.0 = Debug|iPhoneSimulator
		{F60D59E2-9FAA-42CD-BA33-C15B86DDCDE1}.Debug|Mixed Platforms.ActiveCfg = Debug|iPhone
		{F60D59E2-9FAA-42CD-BA33-C15B86DDCDE1}.Debug|Mixed Platforms.Build.0 = Debug|iPhone
		{F60D59E2-9FAA-42CD-BA33-C15B86DDCDE1}.Debug|x86.ActiveCfg = Debug|iPhone
		{F60D59E2-9FAA-42CD-BA33-C15B86DDCDE1}.Release|Any CPU.ActiveCfg = Release|iPhone
		{F60D59E2-9FAA-42CD-BA33-C15B86DDCDE1}.Release|ARM.ActiveCfg = Release|iPhone
		{F60D59E2-9FAA-42CD-BA33-C15B86DDCDE1}.Release|iPhone.ActiveCfg = Release|iPhone
		{F60D59E2-9FAA-42CD-BA33-C15B86DDCDE1}.Release|iPhone.Build.0 = Release|iPhone
		{F60D59E2-9FAA-42CD-BA33-C15B86DDCDE1}.Release|iPhoneSimulator.ActiveCfg = Release|iPhoneSimulator
		{F60D59E2-9FAA-42CD-BA33-C15B86DDCDE1}.Release|iPhoneSimulator.Build.0 = Release|iPhoneSimulator
		{F60D59E2-9FAA-42CD-BA33-C15B86DDCDE1}.Release|Mixed Platforms.ActiveCfg = Release|iPhone
		{F60D59E2-9FAA-42CD-BA33-C15B86DDCDE1}.Release|Mixed Platforms.Build.0 = Release|iPhone
		{F60D59E2-9FAA-42CD-BA33-C15B86DDCDE1}.Release|x86.ActiveCfg = Release|iPhone
	EndGlobalSection
	GlobalSection(SolutionProperties) = preSolution
		HideSolutionNode = FALSE
	EndGlobalSection
EndGlobal
